
Microsoft Visual Studio Solution File, Format Version 12.00
# Visual Studio Version 16
VisualStudioVersion = 16.0.30717.126
MinimumVisualStudioVersion = 10.0.40219.1
Project("{FAE04EC0-301F-11D3-BF4B-00C04F79EFBC}") = "SLib", "SLib.csproj", "{5223FEF1-60BA-423D-83C4-656B66C44A7A}"
EndProject
Project("{FAE04EC0-301F-11D3-BF4B-00C04F79EFBC}") = "SLibTests", "..\SLibTests\SLibTests.csproj", "{AC0406A4-FCEA-40DC-9015-9DBEE0F4A3A0}"
EndProject
Global
	GlobalSection(SolutionConfigurationPlatforms) = preSolution
		Debug|Any CPU = Debug|Any CPU
		Release|Any CPU = Release|Any CPU
	EndGlobalSection
	GlobalSection(ProjectConfigurationPlatforms) = postSolution
		{5223FEF1-60BA-423D-83C4-656B66C44A7A}.Debug|Any CPU.ActiveCfg = Debug|Any CPU
		{5223FEF1-60BA-423D-83C4-656B66C44A7A}.Debug|Any CPU.Build.0 = Debug|Any CPU
		{5223FEF1-60BA-423D-83C4-656B66C44A7A}.Release|Any CPU.ActiveCfg = Release|Any CPU
		{5223FEF1-60BA-423D-83C4-656B66C44A7A}.Release|Any CPU.Build.0 = Release|Any CPU
		{AC0406A4-FCEA-40DC-9015-9DBEE0F4A3A0}.Debug|Any CPU.ActiveCfg = Debug|Any CPU
		{AC0406A4-FCEA-40DC-9015-9DBEE0F4A3A0}.Debug|Any CPU.Build.0 = Debug|Any CPU
		{AC0406A4-FCEA-40DC-9015-9DBEE0F4A3A0}.Release|Any CPU.ActiveCfg = Release|Any CPU
		{AC0406A4-FCEA-40DC-9015-9DBEE0F4A3A0}.Release|Any CPU.Build.0 = Release|Any CPU
	EndGlobalSection
	GlobalSection(SolutionProperties) = preSolution
		HideSolutionNode = FALSE
	EndGlobalSection
	GlobalSection(ExtensibilityGlobals) = postSolution
		SolutionGuid = {A793D924-083E-4FA8-8A26-0E157E905713}
	EndGlobalSection
EndGlobal
